
Microsoft Visual Studio Solution File, Format Version 12.00
# Visual Studio Version 17
VisualStudioVersion = 17.0.31903.59
MinimumVisualStudioVersion = 10.0.40219.1
Project("{2150E333-8FDC-42A3-9474-1A3956D46DE8}") = "src", "src", "{B0D2403D-6022-4323-8C0F-92BD5C898CBC}"
EndProject
Project("{9A19103F-16F7-4668-BE54-9A1E7A4F7556}") = "FamilyTree.Web", "src\FamilyTree.Web\FamilyTree.Web.csproj", "{889FA00F-A8AF-482D-B9A7-749A29BC49B0}"
EndProject
Project("{2150E333-8FDC-42A3-9474-1A3956D46DE8}") = "Modules", "Modules", "{D93615E2-FCD1-4835-BE36-5B6AED743A14}"
EndProject
Project("{9A19103F-16F7-4668-BE54-9A1E7A4F7556}") = "FamilyModule", "src\Modules\FamilyModule\FamilyModule.csproj", "{1890888E-930C-4707-A61F-447912B0B1AF}"
EndProject
Global
	GlobalSection(SolutionConfigurationPlatforms) = preSolution
		Debug|Any CPU = Debug|Any CPU
		Release|Any CPU = Release|Any CPU
	EndGlobalSection
	GlobalSection(ProjectConfigurationPlatforms) = postSolution
		{889FA00F-A8AF-482D-B9A7-749A29BC49B0}.Debug|Any CPU.ActiveCfg = Debug|Any CPU
		{889FA00F-A8AF-482D-B9A7-749A29BC49B0}.Debug|Any CPU.Build.0 = Debug|Any CPU
		{889FA00F-A8AF-482D-B9A7-749A29BC49B0}.Release|Any CPU.ActiveCfg = Release|Any CPU
		{889FA00F-A8AF-482D-B9A7-749A29BC49B0}.Release|Any CPU.Build.0 = Release|Any CPU
		{1890888E-930C-4707-A61F-447912B0B1AF}.Debug|Any CPU.ActiveCfg = Debug|Any CPU
		{1890888E-930C-4707-A61F-447912B0B1AF}.Debug|Any CPU.Build.0 = Debug|Any CPU
		{1890888E-930C-4707-A61F-447912B0B1AF}.Release|Any CPU.ActiveCfg = Release|Any CPU
		{1890888E-930C-4707-A61F-447912B0B1AF}.Release|Any CPU.Build.0 = Release|Any CPU
	EndGlobalSection
	GlobalSection(SolutionProperties) = preSolution
		HideSolutionNode = FALSE
	EndGlobalSection
	GlobalSection(NestedProjects) = preSolution
		{889FA00F-A8AF-482D-B9A7-749A29BC49B0} = {B0D2403D-6022-4323-8C0F-92BD5C898CBC}
		{D93615E2-FCD1-4835-BE36-5B6AED743A14} = {B0D2403D-6022-4323-8C0F-92BD5C898CBC}
		{1890888E-930C-4707-A61F-447912B0B1AF} = {D93615E2-FCD1-4835-BE36-5B6AED743A14}
	EndGlobalSection
	GlobalSection(ExtensibilityGlobals) = postSolution
		SolutionGuid = {BCE54B5A-722B-4E9B-BF15-67334CED3FF5}
	EndGlobalSection
EndGlobal
